
Microsoft Visual Studio Solution File, Format Version 12.00
# Visual Studio Version 17
VisualStudioVersion = 17.0.31903.59
MinimumVisualStudioVersion = 10.0.40219.1
Project("{FAE04EC0-301F-11D3-BF4B-00C04F79EFBC}") = "ConnectHub.Gateway", "ConnectHub.Gateway\ConnectHub.Gateway.csproj", "{C68FE303-66D0-43C5-8F81-B07D44C8C6A4}"
EndProject
Project("{2150E333-8FDC-42A3-9474-1A3956D46DE8}") = "Services", "Services", "{5854FF58-B8C5-05C6-5BF2-ACE42193F22B}"
EndProject
Project("{FAE04EC0-301F-11D3-BF4B-00C04F79EFBC}") = "ConnectHub.Auth.API", "Services\ConnectHub.Auth.API\ConnectHub.Auth.API.csproj", "{6F99AB8B-E882-482E-9871-38DFC52A25E9}"
EndProject
Project("{FAE04EC0-301F-11D3-BF4B-00C04F79EFBC}") = "ConnectHub.Hub.API", "Services\ConnectHub.Hub.API\ConnectHub.Hub.API.csproj", "{68DAFF6B-D385-4501-B9FD-61755DDCC816}"
EndProject
Project("{FAE04EC0-301F-11D3-BF4B-00C04F79EFBC}") = "ConnectHub.Media.API", "Services\ConnectHub.Media.API\ConnectHub.Media.API.csproj", "{B3B9378D-534C-45C4-8F70-F06C43ECEB3B}"
EndProject
Project("{FAE04EC0-301F-11D3-BF4B-00C04F79EFBC}") = "ConnectHub.Message.API", "Services\ConnectHub.Message.API\ConnectHub.Message.API.csproj", "{C8174B6C-9BC1-4862-9627-A5CB5FEFC1FC}"
EndProject
Project("{FAE04EC0-301F-11D3-BF4B-00C04F79EFBC}") = "ConnectHub.Notification.API", "Services\ConnectHub.Notification.API\ConnectHub.Notification.API.csproj", "{ABCE0E36-E829-4AE9-835F-AEC6CDD604DE}"
EndProject
Project("{FAE04EC0-301F-11D3-BF4B-00C04F79EFBC}") = "ConnectHub.Room.API", "Services\ConnectHub.Room.API\ConnectHub.Room.API.csproj", "{A7CFBBF3-DA42-4B30-8349-2C5BDD0BFC23}"
EndProject
Project("{FAE04EC0-301F-11D3-BF4B-00C04F79EFBC}") = "ConnectHub.Auth.API.Tests", "..\tests\ConnectHub.Auth.API.Tests\ConnectHub.Auth.API.Tests.csproj", "{C2D5BB67-DD15-4184-A269-2F352B8968C3}"
EndProject
Project("{FAE04EC0-301F-11D3-BF4B-00C04F79EFBC}") = "ConnectHub.Hub.API.Tests", "..\tests\ConnectHub.Hub.API.Tests\ConnectHub.Hub.API.Tests.csproj", "{72C4EB55-2FDF-42E3-B158-48191039E08C}"
EndProject
Project("{FAE04EC0-301F-11D3-BF4B-00C04F79EFBC}") = "ConnectHub.Message.API.Tests", "..\tests\ConnectHub.Message.API.Tests\ConnectHub.Message.API.Tests.csproj", "{CB41C039-90AD-4097-807B-D69805B90EAF}"
EndProject
Project("{FAE04EC0-301F-11D3-BF4B-00C04F79EFBC}") = "ConnectHub.Room.API.Tests", "..\tests\ConnectHub.Room.API.Tests\ConnectHub.Room.API.Tests.csproj", "{619D2140-B57A-4499-8691-B2FDEA149CEB}"
EndProject
Project("{FAE04EC0-301F-11D3-BF4B-00C04F79EFBC}") = "ConnectHub.Notification.API.Tests", "..\tests\ConnectHub.Notification.API.Tests\ConnectHub.Notification.API.Tests.csproj", "{CB13FDFC-02ED-46F2-9EA5-F22AEF61F052}"
EndProject
Global
	GlobalSection(SolutionConfigurationPlatforms) = preSolution
		Debug|Any CPU = Debug|Any CPU
		Debug|x64 = Debug|x64
		Debug|x86 = Debug|x86
		Release|Any CPU = Release|Any CPU
		Release|x64 = Release|x64
		Release|x86 = Release|x86
	EndGlobalSection
	GlobalSection(ProjectConfigurationPlatforms) = postSolution
		{C68FE303-66D0-43C5-8F81-B07D44C8C6A4}.Debug|Any CPU.ActiveCfg = Debug|Any CPU
		{C68FE303-66D0-43C5-8F81-B07D44C8C6A4}.Debug|Any CPU.Build.0 = Debug|Any CPU
		{C68FE303-66D0-43C5-8F81-B07D44C8C6A4}.Debug|x64.ActiveCfg = Debug|Any CPU
		{C68FE303-66D0-43C5-8F81-B07D44C8C6A4}.Debug|x64.Build.0 = Debug|Any CPU
		{C68FE303-66D0-43C5-8F81-B07D44C8C6A4}.Debug|x86.ActiveCfg = Debug|Any CPU
		{C68FE303-66D0-43C5-8F81-B07D44C8C6A4}.Debug|x86.Build.0 = Debug|Any CPU
		{C68FE303-66D0-43C5-8F81-B07D44C8C6A4}.Release|Any CPU.ActiveCfg = Release|Any CPU
		{C68FE303-66D0-43C5-8F81-B07D44C8C6A4}.Release|Any CPU.Build.0 = Release|Any CPU
		{C68FE303-66D0-43C5-8F81-B07D44C8C6A4}.Release|x64.ActiveCfg = Release|Any CPU
		{C68FE303-66D0-43C5-8F81-B07D44C8C6A4}.Release|x64.Build.0 = Release|Any CPU
		{C68FE303-66D0-43C5-8F81-B07D44C8C6A4}.Release|x86.ActiveCfg = Release|Any CPU
		{C68FE303-66D0-43C5-8F81-B07D44C8C6A4}.Release|x86.Build.0 = Release|Any CPU
		{6F99AB8B-E882-482E-9871-38DFC52A25E9}.Debug|Any CPU.ActiveCfg = Debug|Any CPU
		{6F99AB8B-E882-482E-9871-38DFC52A25E9}.Debug|Any CPU.Build.0 = Debug|Any CPU
		{6F99AB8B-E882-482E-9871-38DFC52A25E9}.Debug|x64.ActiveCfg = Debug|Any CPU
		{6F99AB8B-E882-482E-9871-38DFC52A25E9}.Debug|x64.Build.0 = Debug|Any CPU
		{6F99AB8B-E882-482E-9871-38DFC52A25E9}.Debug|x86.ActiveCfg = Debug|Any CPU
		{6F99AB8B-E882-482E-9871-38DFC52A25E9}.Debug|x86.Build.0 = Debug|Any CPU
		{6F99AB8B-E882-482E-9871-38DFC52A25E9}.Release|Any CPU.ActiveCfg = Release|Any CPU
		{6F99AB8B-E882-482E-9871-38DFC52A25E9}.Release|Any CPU.Build.0 = Release|Any CPU
		{6F99AB8B-E882-482E-9871-38DFC52A25E9}.Release|x64.ActiveCfg = Release|Any CPU
		{6F99AB8B-E882-482E-9871-38DFC52A25E9}.Release|x64.Build.0 = Release|Any CPU
		{6F99AB8B-E882-482E-9871-38DFC52A25E9}.Release|x86.ActiveCfg = Release|Any CPU
		{6F99AB8B-E882-482E-9871-38DFC52A25E9}.Release|x86.Build.0 = Release|Any CPU
		{68DAFF6B-D385-4501-B9FD-61755DDCC816}.Debug|Any CPU.ActiveCfg = Debug|Any CPU
		{68DAFF6B-D385-4501-B9FD-61755DDCC816}.Debug|Any CPU.Build.0 = Debug|Any CPU
		{68DAFF6B-D385-4501-B9FD-61755DDCC816}.Debug|x64.ActiveCfg = Debug|Any CPU
		{68DAFF6B-D385-4501-B9FD-61755DDCC816}.Debug|x64.Build.0 = Debug|Any CPU
		{68DAFF6B-D385-4501-B9FD-61755DDCC816}.Debug|x86.ActiveCfg = Debug|Any CPU
		{68DAFF6B-D385-4501-B9FD-61755DDCC816}.Debug|x86.Build.0 = Debug|Any CPU
		{68DAFF6B-D385-4501-B9FD-61755DDCC816}.Release|Any CPU.ActiveCfg = Release|Any CPU
		{68DAFF6B-D385-4501-B9FD-61755DDCC816}.Release|Any CPU.Build.0 = Release|Any CPU
		{68DAFF6B-D385-4501-B9FD-61755DDCC816}.Release|x64.ActiveCfg = Release|Any CPU
		{68DAFF6B-D385-4501-B9FD-61755DDCC816}.Release|x64.Build.0 = Release|Any CPU
		{68DAFF6B-D385-4501-B9FD-61755DDCC816}.Release|x86.ActiveCfg = Release|Any CPU
		{68DAFF6B-D385-4501-B9FD-61755DDCC816}.Release|x86.Build.0 = Release|Any CPU
		{B3B9378D-534C-45C4-8F70-F06C43ECEB3B}.Debug|Any CPU.ActiveCfg = Debug|Any CPU
		{B3B9378D-534C-45C4-8F70-F06C43ECEB3B}.Debug|Any CPU.Build.0 = Debug|Any CPU
		{B3B9378D-534C-45C4-8F70-F06C43ECEB3B}.Debug|x64.ActiveCfg = Debug|Any CPU
		{B3B9378D-534C-45C4-8F70-F06C43ECEB3B}.Debug|x64.Build.0 = Debug|Any CPU
		{B3B9378D-534C-45C4-8F70-F06C43ECEB3B}.Debug|x86.ActiveCfg = Debug|Any CPU
		{B3B9378D-534C-45C4-8F70-F06C43ECEB3B}.Debug|x86.Build.0 = Debug|Any CPU
		{B3B9378D-534C-45C4-8F70-F06C43ECEB3B}.Release|Any CPU.ActiveCfg = Release|Any CPU
		{B3B9378D-534C-45C4-8F70-F06C43ECEB3B}.Release|Any CPU.Build.0 = Release|Any CPU
		{B3B9378D-534C-45C4-8F70-F06C43ECEB3B}.Release|x64.ActiveCfg = Release|Any CPU
		{B3B9378D-534C-45C4-8F70-F06C43ECEB3B}.Release|x64.Build.0 = Release|Any CPU
		{B3B9378D-534C-45C4-8F70-F06C43ECEB3B}.Release|x86.ActiveCfg = Release|Any CPU
		{B3B9378D-534C-45C4-8F70-F06C43ECEB3B}.Release|x86.Build.0 = Release|Any CPU
		{C8174B6C-9BC1-4862-9627-A5CB5FEFC1FC}.Debug|Any CPU.ActiveCfg = Debug|Any CPU
		{C8174B6C-9BC1-4862-9627-A5CB5FEFC1FC}.Debug|Any CPU.Build.0 = Debug|Any CPU
		{C8174B6C-9BC1-4862-9627-A5CB5FEFC1FC}.Debug|x64.ActiveCfg = Debug|Any CPU
		{C8174B6C-9BC1-4862-9627-A5CB5FEFC1FC}.Debug|x64.Build.0 = Debug|Any CPU
		{C8174B6C-9BC1-4862-9627-A5CB5FEFC1FC}.Debug|x86.ActiveCfg = Debug|Any CPU
		{C8174B6C-9BC1-4862-9627-A5CB5FEFC1FC}.Debug|x86.Build.0 = Debug|Any CPU
		{C8174B6C-9BC1-4862-9627-A5CB5FEFC1FC}.Release|Any CPU.ActiveCfg = Release|Any CPU
		{C8174B6C-9BC1-4862-9627-A5CB5FEFC1FC}.Release|Any CPU.Build.0 = Release|Any CPU
		{C8174B6C-9BC1-4862-9627-A5CB5FEFC1FC}.Release|x64.ActiveCfg = Release|Any CPU
		{C8174B6C-9BC1-4862-9627-A5CB5FEFC1FC}.Release|x64.Build.0 = Release|Any CPU
		{C8174B6C-9BC1-4862-9627-A5CB5FEFC1FC}.Release|x86.ActiveCfg = Release|Any CPU
		{C8174B6C-9BC1-4862-9627-A5CB5FEFC1FC}.Release|x86.Build.0 = Release|Any CPU
		{ABCE0E36-E829-4AE9-835F-AEC6CDD604DE}.Debug|Any CPU.ActiveCfg = Debug|Any CPU
		{ABCE0E36-E829-4AE9-835F-AEC6CDD604DE}.Debug|Any CPU.Build.0 = Debug|Any CPU
		{ABCE0E36-E829-4AE9-835F-AEC6CDD604DE}.Debug|x64.ActiveCfg = Debug|Any CPU
		{ABCE0E36-E829-4AE9-835F-AEC6CDD604DE}.Debug|x64.Build.0 = Debug|Any CPU
		{ABCE0E36-E829-4AE9-835F-AEC6CDD604DE}.Debug|x86.ActiveCfg = Debug|Any CPU
		{ABCE0E36-E829-4AE9-835F-AEC6CDD604DE}.Debug|x86.Build.0 = Debug|Any CPU
		{ABCE0E36-E829-4AE9-835F-AEC6CDD604DE}.Release|Any CPU.ActiveCfg = Release|Any CPU
		{ABCE0E36-E829-4AE9-835F-AEC6CDD604DE}.Release|Any CPU.Build.0 = Release|Any CPU
		{ABCE0E36-E829-4AE9-835F-AEC6CDD604DE}.Release|x64.ActiveCfg = Release|Any CPU
		{ABCE0E36-E829-4AE9-835F-AEC6CDD604DE}.Release|x64.Build.0 = Release|Any CPU
		{ABCE0E36-E829-4AE9-835F-AEC6CDD604DE}.Release|x86.ActiveCfg = Release|Any CPU
		{ABCE0E36-E829-4AE9-835F-AEC6CDD604DE}.Release|x86.Build.0 = Release|Any CPU
		{A7CFBBF3-DA42-4B30-8349-2C5BDD0BFC23}.Debug|Any CPU.ActiveCfg = Debug|Any CPU
		{A7CFBBF3-DA42-4B30-8349-2C5BDD0BFC23}.Debug|Any CPU.Build.0 = Debug|Any CPU
		{A7CFBBF3-DA42-4B30-8349-2C5BDD0BFC23}.Debug|x64.ActiveCfg = Debug|Any CPU
		{A7CFBBF3-DA42-4B30-8349-2C5BDD0BFC23}.Debug|x64.Build.0 = Debug|Any CPU
		{A7CFBBF3-DA42-4B30-8349-2C5BDD0BFC23}.Debug|x86.ActiveCfg = Debug|Any CPU
		{A7CFBBF3-DA42-4B30-8349-2C5BDD0BFC23}.Debug|x86.Build.0 = Debug|Any CPU
		{A7CFBBF3-DA42-4B30-8349-2C5BDD0BFC23}.Release|Any CPU.ActiveCfg = Release|Any CPU
		{A7CFBBF3-DA42-4B30-8349-2C5BDD0BFC23}.Release|Any CPU.Build.0 = Release|Any CPU
		{A7CFBBF3-DA42-4B30-8349-2C5BDD0BFC23}.Release|x64.ActiveCfg = Release|Any CPU
		{A7CFBBF3-DA42-4B30-8349-2C5BDD0BFC23}.Release|x64.Build.0 = Release|Any CPU
		{A7CFBBF3-DA42-4B30-8349-2C5BDD0BFC23}.Release|x86.ActiveCfg = Release|Any CPU
		{A7CFBBF3-DA42-4B30-8349-2C5BDD0BFC23}.Release|x86.Build.0 = Release|Any CPU
		{C2D5BB67-DD15-4184-A269-2F352B8968C3}.Debug|Any CPU.ActiveCfg = Debug|Any CPU
		{C2D5BB67-DD15-4184-A269-2F352B8968C3}.Debug|Any CPU.Build.0 = Debug|Any CPU
		{C2D5BB67-DD15-4184-A269-2F352B8968C3}.Debug|x64.ActiveCfg = Debug|Any CPU
		{C2D5BB67-DD15-4184-A269-2F352B8968C3}.Debug|x64.Build.0 = Debug|Any CPU
		{C2D5BB67-DD15-4184-A269-2F352B8968C3}.Debug|x86.ActiveCfg = Debug|Any CPU
		{C2D5BB67-DD15-4184-A269-2F352B8968C3}.Debug|x86.Build.0 = Debug|Any CPU
		{C2D5BB67-DD15-4184-A269-2F352B8968C3}.Release|Any CPU.ActiveCfg = Release|Any CPU
		{C2D5BB67-DD15-4184-A269-2F352B8968C3}.Release|Any CPU.Build.0 = Release|Any CPU
		{C2D5BB67-DD15-4184-A269-2F352B8968C3}.Release|x64.ActiveCfg = Release|Any CPU
		{C2D5BB67-DD15-4184-A269-2F352B8968C3}.Release|x64.Build.0 = Release|Any CPU
		{C2D5BB67-DD15-4184-A269-2F352B8968C3}.Release|x86.ActiveCfg = Release|Any CPU
		{C2D5BB67-DD15-4184-A269-2F352B8968C3}.Release|x86.Build.0 = Release|Any CPU
		{72C4EB55-2FDF-42E3-B158-48191039E08C}.Debug|Any CPU.ActiveCfg = Debug|Any CPU
		{72C4EB55-2FDF-42E3-B158-48191039E08C}.Debug|Any CPU.Build.0 = Debug|Any CPU
		{72C4EB55-2FDF-42E3-B158-48191039E08C}.Debug|x64.ActiveCfg = Debug|Any CPU
		{72C4EB55-2FDF-42E3-B158-48191039E08C}.Debug|x64.Build.0 = Debug|Any CPU
		{72C4EB55-2FDF-42E3-B158-48191039E08C}.Debug|x86.ActiveCfg = Debug|Any CPU
		{72C4EB55-2FDF-42E3-B158-48191039E08C}.Debug|x86.Build.0 = Debug|Any CPU
		{72C4EB55-2FDF-42E3-B158-48191039E08C}.Release|Any CPU.ActiveCfg = Release|Any CPU
		{72C4EB55-2FDF-42E3-B158-48191039E08C}.Release|Any CPU.Build.0 = Release|Any CPU
		{72C4EB55-2FDF-42E3-B158-48191039E08C}.Release|x64.ActiveCfg = Release|Any CPU
		{72C4EB55-2FDF-42E3-B158-48191039E08C}.Release|x64.Build.0 = Release|Any CPU
		{72C4EB55-2FDF-42E3-B158-48191039E08C}.Release|x86.ActiveCfg = Release|Any CPU
		{72C4EB55-2FDF-42E3-B158-48191039E08C}.Release|x86.Build.0 = Release|Any CPU
		{CB41C039-90AD-4097-807B-D69805B90EAF}.Debug|Any CPU.ActiveCfg = Debug|Any CPU
		{CB41C039-90AD-4097-807B-D69805B90EAF}.Debug|Any CPU.Build.0 = Debug|Any CPU
		{CB41C039-90AD-4097-807B-D69805B90EAF}.Debug|x64.ActiveCfg = Debug|Any CPU
		{CB41C039-90AD-4097-807B-D69805B90EAF}.Debug|x64.Build.0 = Debug|Any CPU
		{CB41C039-90AD-4097-807B-D69805B90EAF}.Debug|x86.ActiveCfg = Debug|Any CPU
		{CB41C039-90AD-4097-807B-D69805B90EAF}.Debug|x86.Build.0 = Debug|Any CPU
		{CB41C039-90AD-4097-807B-D69805B90EAF}.Release|Any CPU.ActiveCfg = Release|Any CPU
		{CB41C039-90AD-4097-807B-D69805B90EAF}.Release|Any CPU.Build.0 = Release|Any CPU
		{CB41C039-90AD-4097-807B-D69805B90EAF}.Release|x64.ActiveCfg = Release|Any CPU
		{CB41C039-90AD-4097-807B-D69805B90EAF}.Release|x64.Build.0 = Release|Any CPU
		{CB41C039-90AD-4097-807B-D69805B90EAF}.Release|x86.ActiveCfg = Release|Any CPU
		{CB41C039-90AD-4097-807B-D69805B90EAF}.Release|x86.Build.0 = Release|Any CPU
		{619D2140-B57A-4499-8691-B2FDEA149CEB}.Debug|Any CPU.ActiveCfg = Debug|Any CPU
		{619D2140-B57A-4499-8691-B2FDEA149CEB}.Debug|Any CPU.Build.0 = Debug|Any CPU
		{619D2140-B57A-4499-8691-B2FDEA149CEB}.Debug|x64.ActiveCfg = Debug|Any CPU
		{619D2140-B57A-4499-8691-B2FDEA149CEB}.Debug|x64.Build.0 = Debug|Any CPU
		{619D2140-B57A-4499-8691-B2FDEA149CEB}.Debug|x86.ActiveCfg = Debug|Any CPU
		{619D2140-B57A-4499-8691-B2FDEA149CEB}.Debug|x86.Build.0 = Debug|Any CPU
		{619D2140-B57A-4499-8691-B2FDEA149CEB}.Release|Any CPU.ActiveCfg = Release|Any CPU
		{619D2140-B57A-4499-8691-B2FDEA149CEB}.Release|Any CPU.Build.0 = Release|Any CPU
		{619D2140-B57A-4499-8691-B2FDEA149CEB}.Release|x64.ActiveCfg = Release|Any CPU
		{619D2140-B57A-4499-8691-B2FDEA149CEB}.Release|x64.Build.0 = Release|Any CPU
		{619D2140-B57A-4499-8691-B2FDEA149CEB}.Release|x86.ActiveCfg = Release|Any CPU
		{619D2140-B57A-4499-8691-B2FDEA149CEB}.Release|x86.Build.0 = Release|Any CPU
		{CB13FDFC-02ED-46F2-9EA5-F22AEF61F052}.Debug|Any CPU.ActiveCfg = Debug|Any CPU
		{CB13FDFC-02ED-46F2-9EA5-F22AEF61F052}.Debug|Any CPU.Build.0 = Debug|Any CPU
		{CB13FDFC-02ED-46F2-9EA5-F22AEF61F052}.Debug|x64.ActiveCfg = Debug|Any CPU
		{CB13FDFC-02ED-46F2-9EA5-F22AEF61F052}.Debug|x64.Build.0 = Debug|Any CPU
		{CB13FDFC-02ED-46F2-9EA5-F22AEF61F052}.Debug|x86.ActiveCfg = Debug|Any CPU
		{CB13FDFC-02ED-46F2-9EA5-F22AEF61F052}.Debug|x86.Build.0 = Debug|Any CPU
		{CB13FDFC-02ED-46F2-9EA5-F22AEF61F052}.Release|Any CPU.ActiveCfg = Release|Any CPU
		{CB13FDFC-02ED-46F2-9EA5-F22AEF61F052}.Release|Any CPU.Build.0 = Release|Any CPU
		{CB13FDFC-02ED-46F2-9EA5-F22AEF61F052}.Release|x64.ActiveCfg = Release|Any CPU
		{CB13FDFC-02ED-46F2-9EA5-F22AEF61F052}.Release|x64.Build.0 = Release|Any CPU
		{CB13FDFC-02ED-46F2-9EA5-F22AEF61F052}.Release|x86.ActiveCfg = Release|Any CPU
		{CB13FDFC-02ED-46F2-9EA5-F22AEF61F052}.Release|x86.Build.0 = Release|Any CPU
	EndGlobalSection
	GlobalSection(SolutionProperties) = preSolution
		HideSolutionNode = FALSE
	EndGlobalSection
	GlobalSection(NestedProjects) = preSolution
		{6F99AB8B-E882-482E-9871-38DFC52A25E9} = {5854FF58-B8C5-05C6-5BF2-ACE42193F22B}
		{68DAFF6B-D385-4501-B9FD-61755DDCC816} = {5854FF58-B8C5-05C6-5BF2-ACE42193F22B}
		{B3B9378D-534C-45C4-8F70-F06C43ECEB3B} = {5854FF58-B8C5-05C6-5BF2-ACE42193F22B}
		{C8174B6C-9BC1-4862-9627-A5CB5FEFC1FC} = {5854FF58-B8C5-05C6-5BF2-ACE42193F22B}
		{ABCE0E36-E829-4AE9-835F-AEC6CDD604DE} = {5854FF58-B8C5-05C6-5BF2-ACE42193F22B}
		{A7CFBBF3-DA42-4B30-8349-2C5BDD0BFC23} = {5854FF58-B8C5-05C6-5BF2-ACE42193F22B}
	EndGlobalSection
EndGlobal
